
Microsoft Visual Studio Solution File, Format Version 12.00
# Visual Studio Version 17
VisualStudioVersion = 17.11.35327.3
MinimumVisualStudioVersion = 10.0.40219.1
Project("{FAE04EC0-301F-11D3-BF4B-00C04F79EFBC}") = "RevitAddins", "RevitAddins\RevitAddins.csproj", "{4D85F722-7B34-4122-B3E7-D0ED5B68CDD1}"
EndProject
Global
	GlobalSection(SolutionConfigurationPlatforms) = preSolution
		Debug|Any CPU = Debug|Any CPU
		Release|Any CPU = Release|Any CPU
	EndGlobalSection
	GlobalSection(ProjectConfigurationPlatforms) = postSolution
		{4D85F722-7B34-4122-B3E7-D0ED5B68CDD1}.Debug|Any CPU.ActiveCfg = Debug|Any CPU
		{4D85F722-7B34-4122-B3E7-D0ED5B68CDD1}.Debug|Any CPU.Build.0 = Debug|Any CPU
		{4D85F722-7B34-4122-B3E7-D0ED5B68CDD1}.Release|Any CPU.ActiveCfg = Release|Any CPU
		{4D85F722-7B34-4122-B3E7-D0ED5B68CDD1}.Release|Any CPU.Build.0 = Release|Any CPU
	EndGlobalSection
	GlobalSection(SolutionProperties) = preSolution
		HideSolutionNode = FALSE
	EndGlobalSection
	GlobalSection(ExtensibilityGlobals) = postSolution
		SolutionGuid = {412100D3-4A54-4115-9BD3-6785599A5DC8}
	EndGlobalSection
EndGlobal
